
Microsoft Visual Studio Solution File, Format Version 11.00
# Visual Studio 2010
Project("{FAE04EC0-301F-11D3-BF4B-00C04F79EFBC}") = "ActiveDirectoryLibrary", "ActiveDirectory\ActiveDirectoryLibrary.csproj", "{2905126E-2E5C-4AD9-B5A5-B8928AB54671}"
EndProject
Global
	GlobalSection(SolutionConfigurationPlatforms) = preSolution
		Debug|Any CPU = Debug|Any CPU
		Release|Any CPU = Release|Any CPU
	EndGlobalSection
	GlobalSection(ProjectConfigurationPlatforms) = postSolution
		{2905126E-2E5C-4AD9-B5A5-B8928AB54671}.Debug|Any CPU.ActiveCfg = Debug|Any CPU
		{2905126E-2E5C-4AD9-B5A5-B8928AB54671}.Debug|Any CPU.Build.0 = Debug|Any CPU
		{2905126E-2E5C-4AD9-B5A5-B8928AB54671}.Release|Any CPU.ActiveCfg = Release|Any CPU
		{2905126E-2E5C-4AD9-B5A5-B8928AB54671}.Release|Any CPU.Build.0 = Release|Any CPU
	EndGlobalSection
	GlobalSection(SolutionProperties) = preSolution
		HideSolutionNode = FALSE
	EndGlobalSection
EndGlobal
